
Microsoft Visual Studio Solution File, Format Version 12.00
# Visual Studio Version 17
VisualStudioVersion = 17.9.34728.123
MinimumVisualStudioVersion = 10.0.40219.1
Project("{FAE04EC0-301F-11D3-BF4B-00C04F79EFBC}") = "WindowsWeather", "WindowsWeather\WindowsWeather.csproj", "{BCFBA01E-8CF8-4647-82B1-4DF815E4627A}"
EndProject
Global
	GlobalSection(SolutionConfigurationPlatforms) = preSolution
		Debug|Any CPU = Debug|Any CPU
		Release|Any CPU = Release|Any CPU
	EndGlobalSection
	GlobalSection(ProjectConfigurationPlatforms) = postSolution
		{BCFBA01E-8CF8-4647-82B1-4DF815E4627A}.Debug|Any CPU.ActiveCfg = Debug|Any CPU
		{BCFBA01E-8CF8-4647-82B1-4DF815E4627A}.Debug|Any CPU.Build.0 = Debug|Any CPU
		{BCFBA01E-8CF8-4647-82B1-4DF815E4627A}.Release|Any CPU.ActiveCfg = Release|Any CPU
		{BCFBA01E-8CF8-4647-82B1-4DF815E4627A}.Release|Any CPU.Build.0 = Release|Any CPU
	EndGlobalSection
	GlobalSection(SolutionProperties) = preSolution
		HideSolutionNode = FALSE
	EndGlobalSection
	GlobalSection(ExtensibilityGlobals) = postSolution
		SolutionGuid = {D0CCA39F-97D5-4EB7-8413-0EBA91A5F01E}
	EndGlobalSection
EndGlobal
